
Microsoft Visual Studio Solution File, Format Version 12.00
# Visual Studio 15
VisualStudioVersion = 15.0.27004.2006
MinimumVisualStudioVersion = 10.0.40219.1
Project("{FAE04EC0-301F-11D3-BF4B-00C04F79EFBC}") = "fluffy-invention", "fluffy-invention\fluffy-invention.csproj", "{CCDF5989-F493-4051-8477-F0E3349ACAA3}"
EndProject
Project("{FAE04EC0-301F-11D3-BF4B-00C04F79EFBC}") = "fluffy-invention.Tests", "fluffy-invention.Tests\fluffy-invention.Tests.csproj", "{D6F59700-727A-4EB3-BE8C-76AC5AF0FB4A}"
EndProject
Global
	GlobalSection(SolutionConfigurationPlatforms) = preSolution
		Debug|Any CPU = Debug|Any CPU
		Release|Any CPU = Release|Any CPU
	EndGlobalSection
	GlobalSection(ProjectConfigurationPlatforms) = postSolution
		{CCDF5989-F493-4051-8477-F0E3349ACAA3}.Debug|Any CPU.ActiveCfg = Debug|Any CPU
		{CCDF5989-F493-4051-8477-F0E3349ACAA3}.Debug|Any CPU.Build.0 = Debug|Any CPU
		{CCDF5989-F493-4051-8477-F0E3349ACAA3}.Release|Any CPU.ActiveCfg = Release|Any CPU
		{CCDF5989-F493-4051-8477-F0E3349ACAA3}.Release|Any CPU.Build.0 = Release|Any CPU
		{D6F59700-727A-4EB3-BE8C-76AC5AF0FB4A}.Debug|Any CPU.ActiveCfg = Debug|Any CPU
		{D6F59700-727A-4EB3-BE8C-76AC5AF0FB4A}.Debug|Any CPU.Build.0 = Debug|Any CPU
		{D6F59700-727A-4EB3-BE8C-76AC5AF0FB4A}.Release|Any CPU.ActiveCfg = Release|Any CPU
		{D6F59700-727A-4EB3-BE8C-76AC5AF0FB4A}.Release|Any CPU.Build.0 = Release|Any CPU
	EndGlobalSection
	GlobalSection(SolutionProperties) = preSolution
		HideSolutionNode = FALSE
	EndGlobalSection
	GlobalSection(ExtensibilityGlobals) = postSolution
		SolutionGuid = {8FC81232-B4FC-4D3D-A87A-9A3476B76F6C}
	EndGlobalSection
EndGlobal
